// !$*UTF8*$!
{
	archiveVersion = 1;
	classes = {
	};
	objectVersion = 45;
	objects = {

/* Begin PBXBuildFile section */
		1D3623260D0F684500981E51 /* mvpmcAppDelegate.m in Sources */ = {isa = PBXBuildFile; fileRef = 1D3623250D0F684500981E51 /* mvpmcAppDelegate.m */; };
		1D60589B0D05DD56006BFB54 /* main.m in Sources */ = {isa = PBXBuildFile; fileRef = 29B97316FDCFA39411CA2CEA /* main.m */; };
		1D60589F0D05DD5A006BFB54 /* Foundation.framework in Frameworks */ = {isa = PBXBuildFile; fileRef = 1D30AB110D05D00D00671497 /* Foundation.framework */; };
		1DF5F4E00D08C38300B7A737 /* UIKit.framework in Frameworks */ = {isa = PBXBuildFile; fileRef = 1DF5F4DF0D08C38300B7A737 /* UIKit.framework */; };
		288765A50DF7441C002DB57D /* CoreGraphics.framework in Frameworks */ = {isa = PBXBuildFile; fileRef = 288765A40DF7441C002DB57D /* CoreGraphics.framework */; };
		28AD733F0D9D9553002E5188 /* MainWindow.xib in Resources */ = {isa = PBXBuildFile; fileRef = 28AD733E0D9D9553002E5188 /* MainWindow.xib */; };
		28C3AD8A0F43EF2300507BA6 /* mvpmc.xcdatamodel in Sources */ = {isa = PBXBuildFile; fileRef = 28C3AD890F43EF2300507BA6 /* mvpmc.xcdatamodel */; };
		28D801B40F44B63D00FB423F /* CoreData.framework in Frameworks */ = {isa = PBXBuildFile; fileRef = 28D801B30F44B63D00FB423F /* CoreData.framework */; };
		BF58470910D9BB9200EE0B3E /* SettingsViewController.m in Sources */ = {isa = PBXBuildFile; fileRef = BF58470710D9BB9200EE0B3E /* SettingsViewController.m */; };
		BF58470A10D9BB9200EE0B3E /* SettingsView.xib in Resources */ = {isa = PBXBuildFile; fileRef = BF58470810D9BB9200EE0B3E /* SettingsView.xib */; };
		BF58471010D9BC4600EE0B3E /* MythViewController.m in Sources */ = {isa = PBXBuildFile; fileRef = BF58470E10D9BC4600EE0B3E /* MythViewController.m */; };
		BF58471110D9BC4600EE0B3E /* MythView.xib in Resources */ = {isa = PBXBuildFile; fileRef = BF58470F10D9BC4600EE0B3E /* MythView.xib */; };
		BF58471510D9BC8F00EE0B3E /* mvpmc_button.png in Resources */ = {isa = PBXBuildFile; fileRef = BF58471410D9BC8F00EE0B3E /* mvpmc_button.png */; };
		BF58471710D9BC9F00EE0B3E /* mvpmc_logo.png in Resources */ = {isa = PBXBuildFile; fileRef = BF58471610D9BC9F00EE0B3E /* mvpmc_logo.png */; };
		BF58474A10D9DDE900EE0B3E /* Settings.bundle in Resources */ = {isa = PBXBuildFile; fileRef = BF58474910D9DDE900EE0B3E /* Settings.bundle */; };
		BF58477210D9E3C100EE0B3E /* URLViewController.m in Sources */ = {isa = PBXBuildFile; fileRef = BF58477010D9E3C100EE0B3E /* URLViewController.m */; };
		BF58477310D9E3C100EE0B3E /* URLView.xib in Resources */ = {isa = PBXBuildFile; fileRef = BF58477110D9E3C100EE0B3E /* URLView.xib */; };
		BF5848E610DC54F900EE0B3E /* libcmyth.a in Frameworks */ = {isa = PBXBuildFile; fileRef = BF58485710DC4F0300EE0B3E /* libcmyth.a */; };
		BF58498E10DD299E00EE0B3E /* 19-gear.png in Resources */ = {isa = PBXBuildFile; fileRef = BF58498D10DD299E00EE0B3E /* 19-gear.png */; };
		BF58499210DD2A0A00EE0B3E /* 70-tv.png in Resources */ = {isa = PBXBuildFile; fileRef = BF58499110DD2A0A00EE0B3E /* 70-tv.png */; };
		BF58499410DD2A4000EE0B3E /* 31-ipod.png in Resources */ = {isa = PBXBuildFile; fileRef = BF58499310DD2A4000EE0B3E /* 31-ipod.png */; };
		BF584A4210DD7A4400EE0B3E /* 45-movie1.png in Resources */ = {isa = PBXBuildFile; fileRef = BF584A4110DD7A4400EE0B3E /* 45-movie1.png */; };
		BF584AB410DDACD100EE0B3E /* MediaPlayer.framework in Frameworks */ = {isa = PBXBuildFile; fileRef = BF584AB310DDACD100EE0B3E /* MediaPlayer.framework */; };
		BF584B2310DDB8DD00EE0B3E /* aboutViewController.m in Sources */ = {isa = PBXBuildFile; fileRef = BF584B2110DDB8DD00EE0B3E /* aboutViewController.m */; };
		BF584B2410DDB8DD00EE0B3E /* aboutView.xib in Resources */ = {isa = PBXBuildFile; fileRef = BF584B2210DDB8DD00EE0B3E /* aboutView.xib */; };
		BF584B2610DDB95100EE0B3E /* 108-badge.png in Resources */ = {isa = PBXBuildFile; fileRef = BF584B2510DDB95100EE0B3E /* 108-badge.png */; };
		BF584BAF10DE633900EE0B3E /* splash2.png in Resources */ = {isa = PBXBuildFile; fileRef = BF584BAE10DE633900EE0B3E /* splash2.png */; };
		BF584E8C10DF2DE500EE0B3E /* entitlements.plist in Resources */ = {isa = PBXBuildFile; fileRef = BF584E8B10DF2DE500EE0B3E /* entitlements.plist */; };
		BF5CB1D811049FCC00D06007 /* ent.plist in Resources */ = {isa = PBXBuildFile; fileRef = BF5CB1D711049FCC00D06007 /* ent.plist */; };
		BF5CB1FA1106A2E400D06007 /* COPYING in Resources */ = {isa = PBXBuildFile; fileRef = BF5CB1F91106A2E400D06007 /* COPYING */; };
		BF8FF17C10F1291200094FD8 /* ProgramViewController.m in Sources */ = {isa = PBXBuildFile; fileRef = BF8FF17A10F1291200094FD8 /* ProgramViewController.m */; };
		BF8FF17D10F1291200094FD8 /* ProgramView.xib in Resources */ = {isa = PBXBuildFile; fileRef = BF8FF17B10F1291200094FD8 /* ProgramView.xib */; };
		BF8FF2B710F170A900094FD8 /* HelpViewController.m in Sources */ = {isa = PBXBuildFile; fileRef = BF8FF2B510F170A900094FD8 /* HelpViewController.m */; };
		BF8FF2B810F170A900094FD8 /* HelpView.xib in Resources */ = {isa = PBXBuildFile; fileRef = BF8FF2B610F170A900094FD8 /* HelpView.xib */; };
		BF8FF50410F76DE600094FD8 /* Help.tiff in Resources */ = {isa = PBXBuildFile; fileRef = BF8FF50310F76DE600094FD8 /* Help.tiff */; };
		BF8FF50610F76DF200094FD8 /* SnapBack.tiff in Resources */ = {isa = PBXBuildFile; fileRef = BF8FF50510F76DF200094FD8 /* SnapBack.tiff */; };
		BF8FF52A10F815FA00094FD8 /* Play.tiff in Resources */ = {isa = PBXBuildFile; fileRef = BF8FF52910F815FA00094FD8 /* Play.tiff */; };
		BF8FF53810F8193A00094FD8 /* Record.tiff in Resources */ = {isa = PBXBuildFile; fileRef = BF8FF53710F8193A00094FD8 /* Record.tiff */; };
		BF8FF53A10F8195A00094FD8 /* Stop.tiff in Resources */ = {isa = PBXBuildFile; fileRef = BF8FF53910F8195A00094FD8 /* Stop.tiff */; };
		BF8FF59310F8EC8400094FD8 /* LicenseViewController.m in Sources */ = {isa = PBXBuildFile; fileRef = BF8FF59110F8EC8400094FD8 /* LicenseViewController.m */; };
		BF8FF59410F8EC8400094FD8 /* LicenseView.xib in Resources */ = {isa = PBXBuildFile; fileRef = BF8FF59210F8EC8400094FD8 /* LicenseView.xib */; };
		BF8FF5B210F9041B00094FD8 /* license.html in Resources */ = {isa = PBXBuildFile; fileRef = BF8FF5B110F9041B00094FD8 /* license.html */; };
		BF8FF5DE10F90B2800094FD8 /* help.html in Resources */ = {isa = PBXBuildFile; fileRef = BF8FF5DD10F90B2800094FD8 /* help.html */; };
		BF8FF92E11028C4600094FD8 /* iTunesArtwork in Resources */ = {isa = PBXBuildFile; fileRef = BF8FF92D11028C4600094FD8 /* iTunesArtwork */; };
		BF8FF96E1103BF0800094FD8 /* transcode_buttons.png in Resources */ = {isa = PBXBuildFile; fileRef = BF8FF96D1103BF0800094FD8 /* transcode_buttons.png */; };
		BF8FFA4A110494E900094FD8 /* entitle.plist in Resources */ = {isa = PBXBuildFile; fileRef = BF8FFA49110494E900094FD8 /* entitle.plist */; };
/* End PBXBuildFile section */

/* Begin PBXContainerItemProxy section */
		BF58485610DC4F0300EE0B3E /* PBXContainerItemProxy */ = {
			isa = PBXContainerItemProxy;
			containerPortal = BF58484F10DC4F0300EE0B3E /* cmyth.xcodeproj */;
			proxyType = 2;
			remoteGlobalIDString = D2AAC07E0554694100DB518D;
			remoteInfo = cmyth;
		};
		BF58486010DC4F5000EE0B3E /* PBXContainerItemProxy */ = {
			isa = PBXContainerItemProxy;
			containerPortal = BF58484F10DC4F0300EE0B3E /* cmyth.xcodeproj */;
			proxyType = 1;
			remoteGlobalIDString = D2AAC07D0554694100DB518D;
			remoteInfo = cmyth;
		};
/* End PBXContainerItemProxy section */

/* Begin PBXFileReference section */
		1D30AB110D05D00D00671497 /* Foundation.framework */ = {isa = PBXFileReference; lastKnownFileType = wrapper.framework; name = Foundation.framework; path = System/Library/Frameworks/Foundation.framework; sourceTree = SDKROOT; };
		1D3623240D0F684500981E51 /* mvpmcAppDelegate.h */ = {isa = PBXFileReference; fileEncoding = 4; lastKnownFileType = sourcecode.c.h; path = mvpmcAppDelegate.h; sourceTree = "<group>"; };
		1D3623250D0F684500981E51 /* mvpmcAppDelegate.m */ = {isa = PBXFileReference; fileEncoding = 4; lastKnownFileType = sourcecode.c.objc; path = mvpmcAppDelegate.m; sourceTree = "<group>"; };
		1D6058910D05DD3D006BFB54 /* mvpmc.app */ = {isa = PBXFileReference; explicitFileType = wrapper.application; includeInIndex = 0; path = mvpmc.app; sourceTree = BUILT_PRODUCTS_DIR; };
		1DF5F4DF0D08C38300B7A737 /* UIKit.framework */ = {isa = PBXFileReference; lastKnownFileType = wrapper.framework; name = UIKit.framework; path = System/Library/Frameworks/UIKit.framework; sourceTree = SDKROOT; };
		288765A40DF7441C002DB57D /* CoreGraphics.framework */ = {isa = PBXFileReference; lastKnownFileType = wrapper.framework; name = CoreGraphics.framework; path = System/Library/Frameworks/CoreGraphics.framework; sourceTree = SDKROOT; };
		28AD733E0D9D9553002E5188 /* MainWindow.xib */ = {isa = PBXFileReference; lastKnownFileType = file.xib; path = MainWindow.xib; sourceTree = "<group>"; };
		28C3AD890F43EF2300507BA6 /* mvpmc.xcdatamodel */ = {isa = PBXFileReference; fileEncoding = 4; lastKnownFileType = wrapper.xcdatamodel; path = mvpmc.xcdatamodel; sourceTree = "<group>"; };
		28D801B30F44B63D00FB423F /* CoreData.framework */ = {isa = PBXFileReference; lastKnownFileType = wrapper.framework; name = CoreData.framework; path = System/Library/Frameworks/CoreData.framework; sourceTree = SDKROOT; };
		29B97316FDCFA39411CA2CEA /* main.m */ = {isa = PBXFileReference; fileEncoding = 4; lastKnownFileType = sourcecode.c.objc; path = main.m; sourceTree = "<group>"; };
		32CA4F630368D1EE00C91783 /* mvpmc_Prefix.pch */ = {isa = PBXFileReference; fileEncoding = 4; lastKnownFileType = sourcecode.c.h; path = mvpmc_Prefix.pch; sourceTree = "<group>"; };
		8D1107310486CEB800E47090 /* mvpmc-Info.plist */ = {isa = PBXFileReference; fileEncoding = 4; lastKnownFileType = text.plist.xml; path = "mvpmc-Info.plist"; sourceTree = "<group>"; };
		BF58470610D9BB9200EE0B3E /* SettingsViewController.h */ = {isa = PBXFileReference; fileEncoding = 4; lastKnownFileType = sourcecode.c.h; path = SettingsViewController.h; sourceTree = "<group>"; };
		BF58470710D9BB9200EE0B3E /* SettingsViewController.m */ = {isa = PBXFileReference; fileEncoding = 4; lastKnownFileType = sourcecode.c.objc; path = SettingsViewController.m; sourceTree = "<group>"; };
		BF58470810D9BB9200EE0B3E /* SettingsView.xib */ = {isa = PBXFileReference; lastKnownFileType = file.xib; path = SettingsView.xib; sourceTree = "<group>"; };
		BF58470D10D9BC4600EE0B3E /* MythViewController.h */ = {isa = PBXFileReference; fileEncoding = 4; lastKnownFileType = sourcecode.c.h; path = MythViewController.h; sourceTree = "<group>"; };
		BF58470E10D9BC4600EE0B3E /* MythViewController.m */ = {isa = PBXFileReference; fileEncoding = 4; lastKnownFileType = sourcecode.c.objc; path = MythViewController.m; sourceTree = "<group>"; };
		BF58470F10D9BC4600EE0B3E /* MythView.xib */ = {isa = PBXFileReference; lastKnownFileType = file.xib; path = MythView.xib; sourceTree = "<group>"; };
		BF58471410D9BC8F00EE0B3E /* mvpmc_button.png */ = {isa = PBXFileReference; lastKnownFileType = image.png; name = mvpmc_button.png; path = images/mvpmc_button.png; sourceTree = "<group>"; };
		BF58471610D9BC9F00EE0B3E /* mvpmc_logo.png */ = {isa = PBXFileReference; lastKnownFileType = image.png; name = mvpmc_logo.png; path = images/mvpmc_logo.png; sourceTree = "<group>"; };
		BF58474910D9DDE900EE0B3E /* Settings.bundle */ = {isa = PBXFileReference; lastKnownFileType = "wrapper.plug-in"; path = Settings.bundle; sourceTree = "<group>"; };
		BF58476F10D9E3C100EE0B3E /* URLViewController.h */ = {isa = PBXFileReference; fileEncoding = 4; lastKnownFileType = sourcecode.c.h; path = URLViewController.h; sourceTree = "<group>"; };
		BF58477010D9E3C100EE0B3E /* URLViewController.m */ = {isa = PBXFileReference; fileEncoding = 4; lastKnownFileType = sourcecode.c.objc; path = URLViewController.m; sourceTree = "<group>"; };
		BF58477110D9E3C100EE0B3E /* URLView.xib */ = {isa = PBXFileReference; lastKnownFileType = file.xib; path = URLView.xib; sourceTree = "<group>"; };
		BF58484F10DC4F0300EE0B3E /* cmyth.xcodeproj */ = {isa = PBXFileReference; lastKnownFileType = "wrapper.pb-project"; name = cmyth.xcodeproj; path = ../cmyth/cmyth/cmyth.xcodeproj; sourceTree = SOURCE_ROOT; };
		BF58498D10DD299E00EE0B3E /* 19-gear.png */ = {isa = PBXFileReference; lastKnownFileType = image.png; name = "19-gear.png"; path = "icons/19-gear.png"; sourceTree = "<group>"; };
		BF58499110DD2A0A00EE0B3E /* 70-tv.png */ = {isa = PBXFileReference; lastKnownFileType = image.png; name = "70-tv.png"; path = "icons/70-tv.png"; sourceTree = "<group>"; };
		BF58499310DD2A4000EE0B3E /* 31-ipod.png */ = {isa = PBXFileReference; lastKnownFileType = image.png; name = "31-ipod.png"; path = "icons/31-ipod.png"; sourceTree = "<group>"; };
		BF584A4110DD7A4400EE0B3E /* 45-movie1.png */ = {isa = PBXFileReference; lastKnownFileType = image.png; name = "45-movie1.png"; path = "icons/45-movie1.png"; sourceTree = "<group>"; };
		BF584AB310DDACD100EE0B3E /* MediaPlayer.framework */ = {isa = PBXFileReference; lastKnownFileType = wrapper.framework; name = MediaPlayer.framework; path = System/Library/Frameworks/MediaPlayer.framework; sourceTree = SDKROOT; };
		BF584B2010DDB8DD00EE0B3E /* aboutViewController.h */ = {isa = PBXFileReference; fileEncoding = 4; lastKnownFileType = sourcecode.c.h; path = aboutViewController.h; sourceTree = "<group>"; };
		BF584B2110DDB8DD00EE0B3E /* aboutViewController.m */ = {isa = PBXFileReference; fileEncoding = 4; lastKnownFileType = sourcecode.c.objc; path = aboutViewController.m; sourceTree = "<group>"; };
		BF584B2210DDB8DD00EE0B3E /* aboutView.xib */ = {isa = PBXFileReference; lastKnownFileType = file.xib; path = aboutView.xib; sourceTree = "<group>"; };
		BF584B2510DDB95100EE0B3E /* 108-badge.png */ = {isa = PBXFileReference; lastKnownFileType = image.png; name = "108-badge.png"; path = "icons/108-badge.png"; sourceTree = "<group>"; };
		BF584BAE10DE633900EE0B3E /* splash2.png */ = {isa = PBXFileReference; lastKnownFileType = image.png; name = splash2.png; path = images/splash2.png; sourceTree = "<group>"; };
		BF584E8B10DF2DE500EE0B3E /* entitlements.plist */ = {isa = PBXFileReference; fileEncoding = 4; lastKnownFileType = text.plist.xml; path = entitlements.plist; sourceTree = "<group>"; };
		BF5CB1D711049FCC00D06007 /* ent.plist */ = {isa = PBXFileReference; fileEncoding = 4; lastKnownFileType = text.plist.xml; path = ent.plist; sourceTree = "<group>"; };
		BF5CB1F91106A2E400D06007 /* COPYING */ = {isa = PBXFileReference; fileEncoding = 4; lastKnownFileType = text; path = COPYING; sourceTree = "<group>"; };
		BF8FF17910F1291200094FD8 /* ProgramViewController.h */ = {isa = PBXFileReference; fileEncoding = 4; lastKnownFileType = sourcecode.c.h; path = ProgramViewController.h; sourceTree = "<group>"; };
		BF8FF17A10F1291200094FD8 /* ProgramViewController.m */ = {isa = PBXFileReference; fileEncoding = 4; lastKnownFileType = sourcecode.c.objc; path = ProgramViewController.m; sourceTree = "<group>"; };
		BF8FF17B10F1291200094FD8 /* ProgramView.xib */ = {isa = PBXFileReference; lastKnownFileType = file.xib; path = ProgramView.xib; sourceTree = "<group>"; };
		BF8FF2B410F170A900094FD8 /* HelpViewController.h */ = {isa = PBXFileReference; fileEncoding = 4; lastKnownFileType = sourcecode.c.h; path = HelpViewController.h; sourceTree = "<group>"; };
		BF8FF2B510F170A900094FD8 /* HelpViewController.m */ = {isa = PBXFileReference; fileEncoding = 4; lastKnownFileType = sourcecode.c.objc; path = HelpViewController.m; sourceTree = "<group>"; };
		BF8FF2B610F170A900094FD8 /* HelpView.xib */ = {isa = PBXFileReference; lastKnownFileType = file.xib; path = HelpView.xib; sourceTree = "<group>"; };
		BF8FF50310F76DE600094FD8 /* Help.tiff */ = {isa = PBXFileReference; lastKnownFileType = image.tiff; name = Help.tiff; path = icons/Help.tiff; sourceTree = "<group>"; };
		BF8FF50510F76DF200094FD8 /* SnapBack.tiff */ = {isa = PBXFileReference; lastKnownFileType = image.tiff; name = SnapBack.tiff; path = icons/SnapBack.tiff; sourceTree = "<group>"; };
		BF8FF52910F815FA00094FD8 /* Play.tiff */ = {isa = PBXFileReference; lastKnownFileType = image.tiff; name = Play.tiff; path = icons/Play.tiff; sourceTree = "<group>"; };
		BF8FF53710F8193A00094FD8 /* Record.tiff */ = {isa = PBXFileReference; lastKnownFileType = image.tiff; name = Record.tiff; path = icons/Record.tiff; sourceTree = "<group>"; };
		BF8FF53910F8195A00094FD8 /* Stop.tiff */ = {isa = PBXFileReference; lastKnownFileType = image.tiff; name = Stop.tiff; path = icons/Stop.tiff; sourceTree = "<group>"; };
		BF8FF59010F8EC8400094FD8 /* LicenseViewController.h */ = {isa = PBXFileReference; fileEncoding = 4; lastKnownFileType = sourcecode.c.h; path = LicenseViewController.h; sourceTree = "<group>"; };
		BF8FF59110F8EC8400094FD8 /* LicenseViewController.m */ = {isa = PBXFileReference; fileEncoding = 4; lastKnownFileType = sourcecode.c.objc; path = LicenseViewController.m; sourceTree = "<group>"; };
		BF8FF59210F8EC8400094FD8 /* LicenseView.xib */ = {isa = PBXFileReference; lastKnownFileType = file.xib; path = LicenseView.xib; sourceTree = "<group>"; };
		BF8FF5B110F9041B00094FD8 /* license.html */ = {isa = PBXFileReference; fileEncoding = 4; lastKnownFileType = text.html; path = license.html; sourceTree = "<group>"; };
		BF8FF5DD10F90B2800094FD8 /* help.html */ = {isa = PBXFileReference; fileEncoding = 4; lastKnownFileType = text.html; path = help.html; sourceTree = "<group>"; };
		BF8FF92D11028C4600094FD8 /* iTunesArtwork */ = {isa = PBXFileReference; lastKnownFileType = file; path = iTunesArtwork; sourceTree = "<group>"; };
		BF8FF96D1103BF0800094FD8 /* transcode_buttons.png */ = {isa = PBXFileReference; lastKnownFileType = image.png; name = transcode_buttons.png; path = screenshots/transcode_buttons.png; sourceTree = "<group>"; };
		BF8FFA49110494E900094FD8 /* entitle.plist */ = {isa = PBXFileReference; fileEncoding = 4; lastKnownFileType = text.plist.xml; path = entitle.plist; sourceTree = "<group>"; };
/* End PBXFileReference section */

/* Begin PBXFrameworksBuildPhase section */
		1D60588F0D05DD3D006BFB54 /* Frameworks */ = {
			isa = PBXFrameworksBuildPhase;
			buildActionMask = 2147483647;
			files = (
				1D60589F0D05DD5A006BFB54 /* Foundation.framework in Frameworks */,
				1DF5F4E00D08C38300B7A737 /* UIKit.framework in Frameworks */,
				288765A50DF7441C002DB57D /* CoreGraphics.framework in Frameworks */,
				28D801B40F44B63D00FB423F /* CoreData.framework in Frameworks */,
				BF5848E610DC54F900EE0B3E /* libcmyth.a in Frameworks */,
				BF584AB410DDACD100EE0B3E /* MediaPlayer.framework in Frameworks */,
			);
			runOnlyForDeploymentPostprocessing = 0;
		};
/* End PBXFrameworksBuildPhase section */

/* Begin PBXGroup section */
		080E96DDFE201D6D7F000001 /* Classes */ = {
			isa = PBXGroup;
			children = (
				1D3623240D0F684500981E51 /* mvpmcAppDelegate.h */,
				1D3623250D0F684500981E51 /* mvpmcAppDelegate.m */,
			);
			path = Classes;
			sourceTree = "<group>";
		};
		19C28FACFE9D520D11CA2CBB /* Products */ = {
			isa = PBXGroup;
			children = (
				1D6058910D05DD3D006BFB54 /* mvpmc.app */,
			);
			name = Products;
			sourceTree = "<group>";
		};
		29B97314FDCFA39411CA2CEA /* CustomTemplate */ = {
			isa = PBXGroup;
			children = (
				BF5CB1D711049FCC00D06007 /* ent.plist */,
				BF8FFA49110494E900094FD8 /* entitle.plist */,
				BF584E8B10DF2DE500EE0B3E /* entitlements.plist */,
				BF58484F10DC4F0300EE0B3E /* cmyth.xcodeproj */,
				BF584B4C10DDBBF400EE0B3E /* Views */,
				080E96DDFE201D6D7F000001 /* Classes */,
				29B97315FDCFA39411CA2CEA /* Other Sources */,
				29B97317FDCFA39411CA2CEA /* Resources */,
				29B97323FDCFA39411CA2CEA /* Frameworks */,
				19C28FACFE9D520D11CA2CBB /* Products */,
			);
			name = CustomTemplate;
			sourceTree = "<group>";
		};
		29B97315FDCFA39411CA2CEA /* Other Sources */ = {
			isa = PBXGroup;
			children = (
				32CA4F630368D1EE00C91783 /* mvpmc_Prefix.pch */,
				29B97316FDCFA39411CA2CEA /* main.m */,
			);
			name = "Other Sources";
			sourceTree = "<group>";
		};
		29B97317FDCFA39411CA2CEA /* Resources */ = {
			isa = PBXGroup;
			children = (
				BF5CB1F91106A2E400D06007 /* COPYING */,
				BF8FF96D1103BF0800094FD8 /* transcode_buttons.png */,
				BF8FF92D11028C4600094FD8 /* iTunesArtwork */,
				BF8FF5DD10F90B2800094FD8 /* help.html */,
				BF8FF5B110F9041B00094FD8 /* license.html */,
				BF8FF53910F8195A00094FD8 /* Stop.tiff */,
				BF8FF53710F8193A00094FD8 /* Record.tiff */,
				BF8FF52910F815FA00094FD8 /* Play.tiff */,
				BF8FF50510F76DF200094FD8 /* SnapBack.tiff */,
				BF8FF50310F76DE600094FD8 /* Help.tiff */,
				BF8FF2B610F170A900094FD8 /* HelpView.xib */,
				BF584BAE10DE633900EE0B3E /* splash2.png */,
				BF584B2210DDB8DD00EE0B3E /* aboutView.xib */,
				BF58477110D9E3C100EE0B3E /* URLView.xib */,
				BF58470F10D9BC4600EE0B3E /* MythView.xib */,
				BF58470810D9BB9200EE0B3E /* SettingsView.xib */,
				BF584B2510DDB95100EE0B3E /* 108-badge.png */,
				BF584A4110DD7A4400EE0B3E /* 45-movie1.png */,
				BF58499310DD2A4000EE0B3E /* 31-ipod.png */,
				BF58499110DD2A0A00EE0B3E /* 70-tv.png */,
				BF58498D10DD299E00EE0B3E /* 19-gear.png */,
				BF58474910D9DDE900EE0B3E /* Settings.bundle */,
				BF58471610D9BC9F00EE0B3E /* mvpmc_logo.png */,
				BF58471410D9BC8F00EE0B3E /* mvpmc_button.png */,
				28C3AD890F43EF2300507BA6 /* mvpmc.xcdatamodel */,
				28AD733E0D9D9553002E5188 /* MainWindow.xib */,
				8D1107310486CEB800E47090 /* mvpmc-Info.plist */,
				BF8FF17B10F1291200094FD8 /* ProgramView.xib */,
				BF8FF59210F8EC8400094FD8 /* LicenseView.xib */,
			);
			name = Resources;
			sourceTree = "<group>";
		};
		29B97323FDCFA39411CA2CEA /* Frameworks */ = {
			isa = PBXGroup;
			children = (
				BF584AB310DDACD100EE0B3E /* MediaPlayer.framework */,
				1DF5F4DF0D08C38300B7A737 /* UIKit.framework */,
				1D30AB110D05D00D00671497 /* Foundation.framework */,
				288765A40DF7441C002DB57D /* CoreGraphics.framework */,
				28D801B30F44B63D00FB423F /* CoreData.framework */,
			);
			name = Frameworks;
			sourceTree = "<group>";
		};
		BF58485010DC4F0300EE0B3E /* Products */ = {
			isa = PBXGroup;
			children = (
				BF58485710DC4F0300EE0B3E /* libcmyth.a */,
			);
			name = Products;
			sourceTree = "<group>";
		};
		BF584B4C10DDBBF400EE0B3E /* Views */ = {
			isa = PBXGroup;
			children = (
				BF8FF59010F8EC8400094FD8 /* LicenseViewController.h */,
				BF8FF59110F8EC8400094FD8 /* LicenseViewController.m */,
				BF8FF2B410F170A900094FD8 /* HelpViewController.h */,
				BF8FF2B510F170A900094FD8 /* HelpViewController.m */,
				BF8FF17910F1291200094FD8 /* ProgramViewController.h */,
				BF8FF17A10F1291200094FD8 /* ProgramViewController.m */,
				BF58476F10D9E3C100EE0B3E /* URLViewController.h */,
				BF58477010D9E3C100EE0B3E /* URLViewController.m */,
				BF584B2010DDB8DD00EE0B3E /* aboutViewController.h */,
				BF584B2110DDB8DD00EE0B3E /* aboutViewController.m */,
				BF58470D10D9BC4600EE0B3E /* MythViewController.h */,
				BF58470E10D9BC4600EE0B3E /* MythViewController.m */,
				BF58470710D9BB9200EE0B3E /* SettingsViewController.m */,
				BF58470610D9BB9200EE0B3E /* SettingsViewController.h */,
			);
			name = Views;
			sourceTree = "<group>";
		};
/* End PBXGroup section */

/* Begin PBXNativeTarget section */
		1D6058900D05DD3D006BFB54 /* mvpmc */ = {
			isa = PBXNativeTarget;
			buildConfigurationList = 1D6058960D05DD3E006BFB54 /* Build configuration list for PBXNativeTarget "mvpmc" */;
			buildPhases = (
				1D60588D0D05DD3D006BFB54 /* Resources */,
				1D60588E0D05DD3D006BFB54 /* Sources */,
				1D60588F0D05DD3D006BFB54 /* Frameworks */,
			);
			buildRules = (
			);
			dependencies = (
				BF58486110DC4F5000EE0B3E /* PBXTargetDependency */,
			);
			name = mvpmc;
			productName = mvpmc;
			productReference = 1D6058910D05DD3D006BFB54 /* mvpmc.app */;
			productType = "com.apple.product-type.application";
		};
/* End PBXNativeTarget section */

/* Begin PBXProject section */
		29B97313FDCFA39411CA2CEA /* Project object */ = {
			isa = PBXProject;
			buildConfigurationList = C01FCF4E08A954540054247B /* Build configuration list for PBXProject "mvpmc" */;
			compatibilityVersion = "Xcode 3.1";
			hasScannedForEncodings = 1;
			mainGroup = 29B97314FDCFA39411CA2CEA /* CustomTemplate */;
			projectDirPath = "";
			projectReferences = (
				{
					ProductGroup = BF58485010DC4F0300EE0B3E /* Products */;
					ProjectRef = BF58484F10DC4F0300EE0B3E /* cmyth.xcodeproj */;
				},
			);
			projectRoot = "";
			targets = (
				1D6058900D05DD3D006BFB54 /* mvpmc */,
			);
		};
/* End PBXProject section */

/* Begin PBXReferenceProxy section */
		BF58485710DC4F0300EE0B3E /* libcmyth.a */ = {
			isa = PBXReferenceProxy;
			fileType = archive.ar;
			path = libcmyth.a;
			remoteRef = BF58485610DC4F0300EE0B3E /* PBXContainerItemProxy */;
			sourceTree = BUILT_PRODUCTS_DIR;
		};
/* End PBXReferenceProxy section */

/* Begin PBXResourcesBuildPhase section */
		1D60588D0D05DD3D006BFB54 /* Resources */ = {
			isa = PBXResourcesBuildPhase;
			buildActionMask = 2147483647;
			files = (
				28AD733F0D9D9553002E5188 /* MainWindow.xib in Resources */,
				BF58470A10D9BB9200EE0B3E /* SettingsView.xib in Resources */,
				BF58471110D9BC4600EE0B3E /* MythView.xib in Resources */,
				BF58471510D9BC8F00EE0B3E /* mvpmc_button.png in Resources */,
				BF58471710D9BC9F00EE0B3E /* mvpmc_logo.png in Resources */,
				BF58474A10D9DDE900EE0B3E /* Settings.bundle in Resources */,
				BF58477310D9E3C100EE0B3E /* URLView.xib in Resources */,
				BF58498E10DD299E00EE0B3E /* 19-gear.png in Resources */,
				BF58499210DD2A0A00EE0B3E /* 70-tv.png in Resources */,
				BF58499410DD2A4000EE0B3E /* 31-ipod.png in Resources */,
				BF584A4210DD7A4400EE0B3E /* 45-movie1.png in Resources */,
				BF584B2410DDB8DD00EE0B3E /* aboutView.xib in Resources */,
				BF584B2610DDB95100EE0B3E /* 108-badge.png in Resources */,
				BF584BAF10DE633900EE0B3E /* splash2.png in Resources */,
				BF584E8C10DF2DE500EE0B3E /* entitlements.plist in Resources */,
				BF8FF17D10F1291200094FD8 /* ProgramView.xib in Resources */,
				BF8FF2B810F170A900094FD8 /* HelpView.xib in Resources */,
				BF8FF50410F76DE600094FD8 /* Help.tiff in Resources */,
				BF8FF50610F76DF200094FD8 /* SnapBack.tiff in Resources */,
				BF8FF52A10F815FA00094FD8 /* Play.tiff in Resources */,
				BF8FF53810F8193A00094FD8 /* Record.tiff in Resources */,
				BF8FF53A10F8195A00094FD8 /* Stop.tiff in Resources */,
				BF8FF59410F8EC8400094FD8 /* LicenseView.xib in Resources */,
				BF8FF5B210F9041B00094FD8 /* license.html in Resources */,
				BF8FF5DE10F90B2800094FD8 /* help.html in Resources */,
				BF8FF92E11028C4600094FD8 /* iTunesArtwork in Resources */,
				BF8FF96E1103BF0800094FD8 /* transcode_buttons.png in Resources */,
				BF8FFA4A110494E900094FD8 /* entitle.plist in Resources */,
				BF5CB1D811049FCC00D06007 /* ent.plist in Resources */,
				BF5CB1FA1106A2E400D06007 /* COPYING in Resources */,
			);
			runOnlyForDeploymentPostprocessing = 0;
		};
/* End PBXResourcesBuildPhase section */

/* Begin PBXSourcesBuildPhase section */
		1D60588E0D05DD3D006BFB54 /* Sources */ = {
			isa = PBXSourcesBuildPhase;
			buildActionMask = 2147483647;
			files = (
				1D60589B0D05DD56006BFB54 /* main.m in Sources */,
				1D3623260D0F684500981E51 /* mvpmcAppDelegate.m in Sources */,
				28C3AD8A0F43EF2300507BA6 /* mvpmc.xcdatamodel in Sources */,
				BF58470910D9BB9200EE0B3E /* SettingsViewController.m in Sources */,
				BF58471010D9BC4600EE0B3E /* MythViewController.m in Sources */,
				BF58477210D9E3C100EE0B3E /* URLViewController.m in Sources */,
				BF584B2310DDB8DD00EE0B3E /* aboutViewController.m in Sources */,
				BF8FF17C10F1291200094FD8 /* ProgramViewController.m in Sources */,
				BF8FF2B710F170A900094FD8 /* HelpViewController.m in Sources */,
				BF8FF59310F8EC8400094FD8 /* LicenseViewController.m in Sources */,
			);
			runOnlyForDeploymentPostprocessing = 0;
		};
/* End PBXSourcesBuildPhase section */

/* Begin PBXTargetDependency section */
		BF58486110DC4F5000EE0B3E /* PBXTargetDependency */ = {
			isa = PBXTargetDependency;
			name = cmyth;
			targetProxy = BF58486010DC4F5000EE0B3E /* PBXContainerItemProxy */;
		};
/* End PBXTargetDependency section */

/* Begin XCBuildConfiguration section */
		1D6058940D05DD3E006BFB54 /* Debug */ = {
			isa = XCBuildConfiguration;
			buildSettings = {
				ALWAYS_SEARCH_USER_PATHS = NO;
				COPY_PHASE_STRIP = NO;
				FRAMEWORK_SEARCH_PATHS = (
					"$(inherited)",
					"\"/Volumes/Skiiing2/CD/ViewBased/Unknown Path/System/Library/Frameworks\"",
				);
				GCC_DYNAMIC_NO_PIC = NO;
				GCC_OPTIMIZATION_LEVEL = 0;
				GCC_PRECOMPILE_PREFIX_HEADER = YES;
				GCC_PREFIX_HEADER = mvpmc_Prefix.pch;
				INFOPLIST_FILE = "mvpmc-Info.plist";
				PRODUCT_NAME = mvpmc;
			};
			name = Debug;
		};
		1D6058950D05DD3E006BFB54 /* Release */ = {
			isa = XCBuildConfiguration;
			buildSettings = {
				ALWAYS_SEARCH_USER_PATHS = NO;
				COPY_PHASE_STRIP = YES;
				FRAMEWORK_SEARCH_PATHS = (
					"$(inherited)",
					"\"/Volumes/Skiiing2/CD/ViewBased/Unknown Path/System/Library/Frameworks\"",
				);
				GCC_PRECOMPILE_PREFIX_HEADER = YES;
				GCC_PREFIX_HEADER = mvpmc_Prefix.pch;
				INFOPLIST_FILE = "mvpmc-Info.plist";
				PRODUCT_NAME = mvpmc;
			};
			name = Release;
		};
		BF584E5B10DF2C3500EE0B3E /* AdHoc */ = {
			isa = XCBuildConfiguration;
			buildSettings = {
				ARCHS = "$(ARCHS_STANDARD_32_BIT)";
				CODE_SIGN_ENTITLEMENTS = entitlements.plist;
				CODE_SIGN_IDENTITY = "iPhone Distribution: Jonathan Gettler";
				"CODE_SIGN_IDENTITY[sdk=iphoneos*]" = "iPhone Distribution: Jonathan Gettler";
				GCC_C_LANGUAGE_STANDARD = c99;
				GCC_WARN_ABOUT_RETURN_TYPE = YES;
				GCC_WARN_UNUSED_VARIABLE = YES;
				HEADER_SEARCH_PATHS = (
					../cmyth/cmyth,
					../cmyth/include,
				);
				PREBINDING = NO;
				PROVISIONING_PROFILE = "679B0EF2-693D-4F1E-A662-47DC5407D76A";
				"PROVISIONING_PROFILE[sdk=iphoneos*]" = "679B0EF2-693D-4F1E-A662-47DC5407D76A";
				SDKROOT = iphoneos3.1.2;
			};
			name = AdHoc;
		};
		BF584E5C10DF2C3500EE0B3E /* AdHoc */ = {
			isa = XCBuildConfiguration;
			buildSettings = {
				ALWAYS_SEARCH_USER_PATHS = NO;
				CODE_SIGN_IDENTITY = "iPhone Developer: Jonathan Gettler (895MLPDY4F)";
				COPY_PHASE_STRIP = YES;
				FRAMEWORK_SEARCH_PATHS = (
					"$(inherited)",
					"\"/Volumes/Skiiing2/CD/ViewBased/Unknown Path/System/Library/Frameworks\"",
				);
				GCC_PRECOMPILE_PREFIX_HEADER = YES;
				GCC_PREFIX_HEADER = mvpmc_Prefix.pch;
				INFOPLIST_FILE = "mvpmc-Info.plist";
				PRODUCT_NAME = mvpmc;
				PROVISIONING_PROFILE = "1A26C78B-AE63-4C26-8367-1CFCBB6140A2";
				"PROVISIONING_PROFILE[sdk=iphoneos*]" = "92037E4C-14F7-49E6-A218-54CFEE7E1A44";
			};
			name = AdHoc;
		};
		BF8FF9B11103D98E00094FD8 /* Distribution */ = {
			isa = XCBuildConfiguration;
			buildSettings = {
				ARCHS = "$(ARCHS_STANDARD_32_BIT)";
				CODE_SIGN_ENTITLEMENTS = entitlements.plist;
				CODE_SIGN_IDENTITY = "iPhone Distribution: Jonathan Gettler";
				"CODE_SIGN_IDENTITY[sdk=iphoneos*]" = "iPhone Distribution: Jonathan Gettler";
				GCC_C_LANGUAGE_STANDARD = c99;
				GCC_WARN_ABOUT_RETURN_TYPE = YES;
				GCC_WARN_UNUSED_VARIABLE = YES;
				HEADER_SEARCH_PATHS = (
					../cmyth/cmyth,
					../cmyth/include,
				);
				PREBINDING = NO;
				PROVISIONING_PROFILE = "1F426FED-7463-4A58-97BD-3BBE48647906";
				"PROVISIONING_PROFILE[sdk=iphoneos*]" = "1F426FED-7463-4A58-97BD-3BBE48647906";
				SDKROOT = iphoneos3.1.2;
			};
			name = Distribution;
		};
		BF8FF9B21103D98E00094FD8 /* Distribution */ = {
			isa = XCBuildConfiguration;
			buildSettings = {
				ALWAYS_SEARCH_USER_PATHS = NO;
				CODE_SIGN_ENTITLEMENTS = entitlements.plist;
				CODE_SIGN_IDENTITY = "iPhone Distribution: Jonathan Gettler";
				"CODE_SIGN_IDENTITY[sdk=iphoneos*]" = "iPhone Distribution: Jonathan Gettler";
				COPY_PHASE_STRIP = YES;
				FRAMEWORK_SEARCH_PATHS = (
					"$(inherited)",
					"\"/Volumes/Skiiing2/CD/ViewBased/Unknown Path/System/Library/Frameworks\"",
				);
				GCC_PRECOMPILE_PREFIX_HEADER = YES;
				GCC_PREFIX_HEADER = mvpmc_Prefix.pch;
				INFOPLIST_FILE = "mvpmc-Info.plist";
				PRODUCT_NAME = mvpmc;
				PROVISIONING_PROFILE = "1F426FED-7463-4A58-97BD-3BBE48647906";
				"PROVISIONING_PROFILE[sdk=iphoneos*]" = "1F426FED-7463-4A58-97BD-3BBE48647906";
			};
			name = Distribution;
		};
		C01FCF4F08A954540054247B /* Debug */ = {
			isa = XCBuildConfiguration;
			buildSettings = {
				ARCHS = "$(ARCHS_STANDARD_32_BIT)";
				CODE_SIGN_ENTITLEMENTS = "";
				CODE_SIGN_IDENTITY = "iPhone Developer";
				"CODE_SIGN_IDENTITY[sdk=iphoneos*]" = "iPhone Developer: Jonathan Gettler (895MLPDY4F)";
				GCC_C_LANGUAGE_STANDARD = c99;
				GCC_WARN_ABOUT_RETURN_TYPE = YES;
				GCC_WARN_UNUSED_VARIABLE = YES;
				HEADER_SEARCH_PATHS = (
					../cmyth/cmyth,
					../cmyth/include,
				);
				PREBINDING = NO;
				PROVISIONING_PROFILE = "";
				"PROVISIONING_PROFILE[sdk=iphoneos*]" = "1A26C78B-AE63-4C26-8367-1CFCBB6140A2";
				SDKROOT = iphoneos3.1.2;
			};
			name = Debug;
		};
		C01FCF5008A954540054247B /* Release */ = {
			isa = XCBuildConfiguration;
			buildSettings = {
				ARCHS = "$(ARCHS_STANDARD_32_BIT)";
				CODE_SIGN_ENTITLEMENTS = "";
				CODE_SIGN_IDENTITY = "iPhone Developer";
				"CODE_SIGN_IDENTITY[sdk=iphoneos*]" = "iPhone Developer: Jonathan Gettler (895MLPDY4F)";
				GCC_C_LANGUAGE_STANDARD = c99;
				GCC_WARN_ABOUT_RETURN_TYPE = YES;
				GCC_WARN_UNUSED_VARIABLE = YES;
				HEADER_SEARCH_PATHS = (
					../cmyth/cmyth,
					../cmyth/include,
				);
				PREBINDING = NO;
				PROVISIONING_PROFILE = "";
				"PROVISIONING_PROFILE[sdk=iphoneos*]" = "1A26C78B-AE63-4C26-8367-1CFCBB6140A2";
				SDKROOT = iphoneos3.1.2;
			};
			name = Release;
		};
/* End XCBuildConfiguration section */

/* Begin XCConfigurationList section */
		1D6058960D05DD3E006BFB54 /* Build configuration list for PBXNativeTarget "mvpmc" */ = {
			isa = XCConfigurationList;
			buildConfigurations = (
				1D6058940D05DD3E006BFB54 /* Debug */,
				1D6058950D05DD3E006BFB54 /* Release */,
				BF8FF9B21103D98E00094FD8 /* Distribution */,
				BF584E5C10DF2C3500EE0B3E /* AdHoc */,
			);
			defaultConfigurationIsVisible = 0;
			defaultConfigurationName = Release;
		};
		C01FCF4E08A954540054247B /* Build configuration list for PBXProject "mvpmc" */ = {
			isa = XCConfigurationList;
			buildConfigurations = (
				C01FCF4F08A954540054247B /* Debug */,
				C01FCF5008A954540054247B /* Release */,
				BF8FF9B11103D98E00094FD8 /* Distribution */,
				BF584E5B10DF2C3500EE0B3E /* AdHoc */,
			);
			defaultConfigurationIsVisible = 0;
			defaultConfigurationName = Release;
		};
/* End XCConfigurationList section */
	};
	rootObject = 29B97313FDCFA39411CA2CEA /* Project object */;
}
